Microsoft Visual Studio Solution File, Format Version 12.00
# Visual Studio Version 17
VisualStudioVersion = 17.13.35825.156
MinimumVisualStudioVersion = 10.0.40219.1
Project("{FAE04EC0-301F-11D3-BF4B-00C04F79EFBC}") = "ThreePillers.AddressBook.Domain", "ThreePillers.AddressBook.Domain\ThreePillers.AddressBook.Domain.csproj", "{D22A0670-DEC2-487D-8F5A-0AB47DF36C6E}"
EndProject
Project("{FAE04EC0-301F-11D3-BF4B-00C04F79EFBC}") = "ThreePillers.AddressBook.infrastructure", "ThreePillers.AddressBook.infrastructure\ThreePillers.AddressBook.infrastructure.csproj", "{FB2053E4-6669-4BD9-BEF8-FB49D8292777}"
EndProject
Project("{FAE04EC0-301F-11D3-BF4B-00C04F79EFBC}") = "ThreePillers.AddressBook.API", "ThreePillers.AddressBook.API\ThreePillers.AddressBook.API.csproj", "{1BBDE613-CF21-4BE4-969C-71704225E2D5}"
EndProject
Project("{FAE04EC0-301F-11D3-BF4B-00C04F79EFBC}") = "ThreePillers.AddressBook.Application", "ThreePillers.AddressBook.Application\ThreePillers.AddressBook.Application.csproj", "{CA09809B-D323-446C-A5B2-F23B2126DBC0}"
EndProject
Global
	GlobalSection(SolutionConfigurationPlatforms) = preSolution
		Debug|Any CPU = Debug|Any CPU
		Release|Any CPU = Release|Any CPU
	EndGlobalSection
	GlobalSection(ProjectConfigurationPlatforms) = postSolution
		{D22A0670-DEC2-487D-8F5A-0AB47DF36C6E}.Debug|Any CPU.ActiveCfg = Debug|Any CPU
		{D22A0670-DEC2-487D-8F5A-0AB47DF36C6E}.Debug|Any CPU.Build.0 = Debug|Any CPU
		{D22A0670-DEC2-487D-8F5A-0AB47DF36C6E}.Release|Any CPU.ActiveCfg = Release|Any CPU
		{D22A0670-DEC2-487D-8F5A-0AB47DF36C6E}.Release|Any CPU.Build.0 = Release|Any CPU
		{FB2053E4-6669-4BD9-BEF8-FB49D8292777}.Debug|Any CPU.ActiveCfg = Debug|Any CPU
		{FB2053E4-6669-4BD9-BEF8-FB49D8292777}.Debug|Any CPU.Build.0 = Debug|Any CPU
		{FB2053E4-6669-4BD9-BEF8-FB49D8292777}.Release|Any CPU.ActiveCfg = Release|Any CPU
		{FB2053E4-6669-4BD9-BEF8-FB49D8292777}.Release|Any CPU.Build.0 = Release|Any CPU
		{1BBDE613-CF21-4BE4-969C-71704225E2D5}.Debug|Any CPU.ActiveCfg = Debug|Any CPU
		{1BBDE613-CF21-4BE4-969C-71704225E2D5}.Debug|Any CPU.Build.0 = Debug|Any CPU
		{1BBDE613-CF21-4BE4-969C-71704225E2D5}.Release|Any CPU.ActiveCfg = Release|Any CPU
		{1BBDE613-CF21-4BE4-969C-71704225E2D5}.Release|Any CPU.Build.0 = Release|Any CPU
		{CA09809B-D323-446C-A5B2-F23B2126DBC0}.Debug|Any CPU.ActiveCfg = Debug|Any CPU
		{CA09809B-D323-446C-A5B2-F23B2126DBC0}.Debug|Any CPU.Build.0 = Debug|Any CPU
		{CA09809B-D323-446C-A5B2-F23B2126DBC0}.Release|Any CPU.ActiveCfg = Release|Any CPU
		{CA09809B-D323-446C-A5B2-F23B2126DBC0}.Release|Any CPU.Build.0 = Release|Any CPU
	EndGlobalSection
	GlobalSection(SolutionProperties) = preSolution
		HideSolutionNode = FALSE
	EndGlobalSection
	GlobalSection(ExtensibilityGlobals) = postSolution
		SolutionGuid = {0E75EB77-BFA9-4A94-9EF1-8CE968C8F0E4}
	EndGlobalSection
EndGlobal
